
Microsoft Visual Studio Solution File, Format Version 12.00
# Visual Studio 15
VisualStudioVersion = 15.0.28307.329
MinimumVisualStudioVersion = 10.0.40219.1
Project("{FAE04EC0-301F-11D3-BF4B-00C04F79EFBC}") = "files_and_folders", "files_and_folders\files_and_folders.csproj", "{4A851DA8-F71E-40DD-B630-91CE54248E76}"
EndProject
Global
	GlobalSection(SolutionConfigurationPlatforms) = preSolution
		Debug|Any CPU = Debug|Any CPU
		Release|Any CPU = Release|Any CPU
	EndGlobalSection
	GlobalSection(ProjectConfigurationPlatforms) = postSolution
		{4A851DA8-F71E-40DD-B630-91CE54248E76}.Debug|Any CPU.ActiveCfg = Debug|Any CPU
		{4A851DA8-F71E-40DD-B630-91CE54248E76}.Debug|Any CPU.Build.0 = Debug|Any CPU
		{4A851DA8-F71E-40DD-B630-91CE54248E76}.Release|Any CPU.ActiveCfg = Release|Any CPU
		{4A851DA8-F71E-40DD-B630-91CE54248E76}.Release|Any CPU.Build.0 = Release|Any CPU
	EndGlobalSection
	GlobalSection(SolutionProperties) = preSolution
		HideSolutionNode = FALSE
	EndGlobalSection
	GlobalSection(ExtensibilityGlobals) = postSolution
		SolutionGuid = {C5B91D6E-FAA5-46FE-8FBE-E8F8671020E2}
	EndGlobalSection
EndGlobal
